
Microsoft Visual Studio Solution File, Format Version 12.00
# Visual Studio 2012
Project("{FAE04EC0-301F-11D3-BF4B-00C04F79EFBC}") = "birSifirUcuzaUc.WebUI", "birSifirUcuzaUc.WebUI\birSifirUcuzaUc.WebUI.csproj", "{C2ACB45D-CE02-4E82-9B0F-3FAAB7D71BF1}"
EndProject
Project("{FAE04EC0-301F-11D3-BF4B-00C04F79EFBC}") = "birSifirUcuzaUc.Data", "birSifirUcuzaUc.Data\birSifirUcuzaUc.Data.csproj", "{BF3B7568-CA58-42F8-841C-44BC888C5DA5}"
EndProject
Global
	GlobalSection(SolutionConfigurationPlatforms) = preSolution
		Debug|Any CPU = Debug|Any CPU
		Release|Any CPU = Release|Any CPU
	EndGlobalSection
	GlobalSection(ProjectConfigurationPlatforms) = postSolution
		{C2ACB45D-CE02-4E82-9B0F-3FAAB7D71BF1}.Debug|Any CPU.ActiveCfg = Debug|Any CPU
		{C2ACB45D-CE02-4E82-9B0F-3FAAB7D71BF1}.Debug|Any CPU.Build.0 = Debug|Any CPU
		{C2ACB45D-CE02-4E82-9B0F-3FAAB7D71BF1}.Release|Any CPU.ActiveCfg = Release|Any CPU
		{C2ACB45D-CE02-4E82-9B0F-3FAAB7D71BF1}.Release|Any CPU.Build.0 = Release|Any CPU
		{BF3B7568-CA58-42F8-841C-44BC888C5DA5}.Debug|Any CPU.ActiveCfg = Debug|Any CPU
		{BF3B7568-CA58-42F8-841C-44BC888C5DA5}.Debug|Any CPU.Build.0 = Debug|Any CPU
		{BF3B7568-CA58-42F8-841C-44BC888C5DA5}.Release|Any CPU.ActiveCfg = Release|Any CPU
		{BF3B7568-CA58-42F8-841C-44BC888C5DA5}.Release|Any CPU.Build.0 = Release|Any CPU
	EndGlobalSection
	GlobalSection(SolutionProperties) = preSolution
		HideSolutionNode = FALSE
	EndGlobalSection
EndGlobal
